
Microsoft Visual Studio Solution File, Format Version 12.00
# Visual Studio Version 17
VisualStudioVersion = 17.10.34928.147
MinimumVisualStudioVersion = 10.0.40219.1
Project("{2150E333-8FDC-42A3-9474-1A3956D46DE8}") = "test", "test", "{4337B992-6546-4E46-99E7-EB16FF6E8A5A}"
EndProject
Project("{2150E333-8FDC-42A3-9474-1A3956D46DE8}") = "src", "src", "{AF34DA17-CD76-4A76-8B84-BF98CBA44FD2}"
EndProject
Project("{2150E333-8FDC-42A3-9474-1A3956D46DE8}") = "Modules", "Modules", "{7F3A84DC-EF40-49C0-BE48-1EC95AED4AD7}"
EndProject
Project("{2150E333-8FDC-42A3-9474-1A3956D46DE8}") = "Doctors", "Doctors", "{20CBC1F7-A3F2-4872-8C03-0772DDDE283D}"
EndProject
Project("{2150E333-8FDC-42A3-9474-1A3956D46DE8}") = "Clients", "Clients", "{0188F79D-AB9C-44CF-A5F4-A334DEBD5FDB}"
EndProject
Project("{9A19103F-16F7-4668-BE54-9A1E7A4F7556}") = "SharedKernal", "SharedKernal\SharedKernal.csproj", "{9E92D953-ECA4-4304-9B7B-3687F798F862}"
EndProject
Project("{9A19103F-16F7-4668-BE54-9A1E7A4F7556}") = "WebApi", "WebApi\WebApi.csproj", "{BEA9AD7B-86C5-4ED0-8284-915D7202F2BD}"
EndProject
Project("{2150E333-8FDC-42A3-9474-1A3956D46DE8}") = "Common", "Common", "{64C20215-2A37-43B7-A83D-5509448B6F2A}"
EndProject
Project("{2150E333-8FDC-42A3-9474-1A3956D46DE8}") = "Identity", "Identity", "{592BBEDD-E5B3-4965-BE01-64C529906A27}"
EndProject
Project("{9A19103F-16F7-4668-BE54-9A1E7A4F7556}") = "Modules.Identity", "src\Modules\Identity\Modules.Identity\Modules.Identity.csproj", "{94E91CAB-F036-4EF9-844F-BA25A90AF4EB}"
EndProject
Project("{9A19103F-16F7-4668-BE54-9A1E7A4F7556}") = "ApisContracts", "ApisContracts\ApisContracts.csproj", "{3BEA60CC-2EB7-4E7C-AA4E-272304699789}"
EndProject
Project("{9A19103F-16F7-4668-BE54-9A1E7A4F7556}") = "Modules.Clients", "src\Modules\Clients\Modules.Clients\Modules.Clients.csproj", "{DC383B3E-0AF2-475F-A95F-30338906E86F}"
EndProject
Project("{9A19103F-16F7-4668-BE54-9A1E7A4F7556}") = "Modules.Doctors", "src\Modules\Doctors\Modules.Doctors\Modules.Doctors.csproj", "{E6A55B21-238B-430A-BA47-624D108FB694}"
EndProject
Global
	GlobalSection(SolutionConfigurationPlatforms) = preSolution
		Debug|Any CPU = Debug|Any CPU
		Release|Any CPU = Release|Any CPU
	EndGlobalSection
	GlobalSection(ProjectConfigurationPlatforms) = postSolution
		{9E92D953-ECA4-4304-9B7B-3687F798F862}.Debug|Any CPU.ActiveCfg = Debug|Any CPU
		{9E92D953-ECA4-4304-9B7B-3687F798F862}.Debug|Any CPU.Build.0 = Debug|Any CPU
		{9E92D953-ECA4-4304-9B7B-3687F798F862}.Release|Any CPU.ActiveCfg = Release|Any CPU
		{9E92D953-ECA4-4304-9B7B-3687F798F862}.Release|Any CPU.Build.0 = Release|Any CPU
		{BEA9AD7B-86C5-4ED0-8284-915D7202F2BD}.Debug|Any CPU.ActiveCfg = Debug|Any CPU
		{BEA9AD7B-86C5-4ED0-8284-915D7202F2BD}.Debug|Any CPU.Build.0 = Debug|Any CPU
		{BEA9AD7B-86C5-4ED0-8284-915D7202F2BD}.Release|Any CPU.ActiveCfg = Release|Any CPU
		{BEA9AD7B-86C5-4ED0-8284-915D7202F2BD}.Release|Any CPU.Build.0 = Release|Any CPU
		{94E91CAB-F036-4EF9-844F-BA25A90AF4EB}.Debug|Any CPU.ActiveCfg = Debug|Any CPU
		{94E91CAB-F036-4EF9-844F-BA25A90AF4EB}.Debug|Any CPU.Build.0 = Debug|Any CPU
		{94E91CAB-F036-4EF9-844F-BA25A90AF4EB}.Release|Any CPU.ActiveCfg = Release|Any CPU
		{94E91CAB-F036-4EF9-844F-BA25A90AF4EB}.Release|Any CPU.Build.0 = Release|Any CPU
		{3BEA60CC-2EB7-4E7C-AA4E-272304699789}.Debug|Any CPU.ActiveCfg = Debug|Any CPU
		{3BEA60CC-2EB7-4E7C-AA4E-272304699789}.Debug|Any CPU.Build.0 = Debug|Any CPU
		{3BEA60CC-2EB7-4E7C-AA4E-272304699789}.Release|Any CPU.ActiveCfg = Release|Any CPU
		{3BEA60CC-2EB7-4E7C-AA4E-272304699789}.Release|Any CPU.Build.0 = Release|Any CPU
		{DC383B3E-0AF2-475F-A95F-30338906E86F}.Debug|Any CPU.ActiveCfg = Debug|Any CPU
		{DC383B3E-0AF2-475F-A95F-30338906E86F}.Debug|Any CPU.Build.0 = Debug|Any CPU
		{DC383B3E-0AF2-475F-A95F-30338906E86F}.Release|Any CPU.ActiveCfg = Release|Any CPU
		{DC383B3E-0AF2-475F-A95F-30338906E86F}.Release|Any CPU.Build.0 = Release|Any CPU
		{E6A55B21-238B-430A-BA47-624D108FB694}.Debug|Any CPU.ActiveCfg = Debug|Any CPU
		{E6A55B21-238B-430A-BA47-624D108FB694}.Debug|Any CPU.Build.0 = Debug|Any CPU
		{E6A55B21-238B-430A-BA47-624D108FB694}.Release|Any CPU.ActiveCfg = Release|Any CPU
		{E6A55B21-238B-430A-BA47-624D108FB694}.Release|Any CPU.Build.0 = Release|Any CPU
	EndGlobalSection
	GlobalSection(SolutionProperties) = preSolution
		HideSolutionNode = FALSE
	EndGlobalSection
	GlobalSection(NestedProjects) = preSolution
		{7F3A84DC-EF40-49C0-BE48-1EC95AED4AD7} = {AF34DA17-CD76-4A76-8B84-BF98CBA44FD2}
		{20CBC1F7-A3F2-4872-8C03-0772DDDE283D} = {7F3A84DC-EF40-49C0-BE48-1EC95AED4AD7}
		{0188F79D-AB9C-44CF-A5F4-A334DEBD5FDB} = {7F3A84DC-EF40-49C0-BE48-1EC95AED4AD7}
		{9E92D953-ECA4-4304-9B7B-3687F798F862} = {64C20215-2A37-43B7-A83D-5509448B6F2A}
		{BEA9AD7B-86C5-4ED0-8284-915D7202F2BD} = {AF34DA17-CD76-4A76-8B84-BF98CBA44FD2}
		{64C20215-2A37-43B7-A83D-5509448B6F2A} = {AF34DA17-CD76-4A76-8B84-BF98CBA44FD2}
		{592BBEDD-E5B3-4965-BE01-64C529906A27} = {7F3A84DC-EF40-49C0-BE48-1EC95AED4AD7}
		{94E91CAB-F036-4EF9-844F-BA25A90AF4EB} = {592BBEDD-E5B3-4965-BE01-64C529906A27}
		{3BEA60CC-2EB7-4E7C-AA4E-272304699789} = {64C20215-2A37-43B7-A83D-5509448B6F2A}
		{DC383B3E-0AF2-475F-A95F-30338906E86F} = {0188F79D-AB9C-44CF-A5F4-A334DEBD5FDB}
		{E6A55B21-238B-430A-BA47-624D108FB694} = {20CBC1F7-A3F2-4872-8C03-0772DDDE283D}
	EndGlobalSection
	GlobalSection(ExtensibilityGlobals) = postSolution
		SolutionGuid = {3A5D8DF0-C028-4469-9AA8-E7BE2F662B8E}
	EndGlobalSection
EndGlobal
